
Microsoft Visual Studio Solution File, Format Version 12.00
# Visual Studio Version 17
VisualStudioVersion = 17.10.35122.118
MinimumVisualStudioVersion = 10.0.40219.1
Project("{8BC9CEB8-8B4A-11D0-8D11-00A0C91BC942}") = "Project1", "Project1\Project1.vcxproj", "{2A8508F2-0E4D-4B0F-A8B5-35C2DC2C0BE4}"
EndProject
Global
	GlobalSection(SolutionConfigurationPlatforms) = preSolution
		Debug|x64 = Debug|x64
		Debug|x86 = Debug|x86
		Release|x64 = Release|x64
		Release|x86 = Release|x86
	EndGlobalSection
	GlobalSection(ProjectConfigurationPlatforms) = postSolution
		{2A8508F2-0E4D-4B0F-A8B5-35C2DC2C0BE4}.Debug|x64.ActiveCfg = Debug|x64
		{2A8508F2-0E4D-4B0F-A8B5-35C2DC2C0BE4}.Debug|x64.Build.0 = Debug|x64
		{2A8508F2-0E4D-4B0F-A8B5-35C2DC2C0BE4}.Debug|x86.ActiveCfg = Debug|Win32
		{2A8508F2-0E4D-4B0F-A8B5-35C2DC2C0BE4}.Debug|x86.Build.0 = Debug|Win32
		{2A8508F2-0E4D-4B0F-A8B5-35C2DC2C0BE4}.Release|x64.ActiveCfg = Release|x64
		{2A8508F2-0E4D-4B0F-A8B5-35C2DC2C0BE4}.Release|x64.Build.0 = Release|x64
		{2A8508F2-0E4D-4B0F-A8B5-35C2DC2C0BE4}.Release|x86.ActiveCfg = Release|Win32
		{2A8508F2-0E4D-4B0F-A8B5-35C2DC2C0BE4}.Release|x86.Build.0 = Release|Win32
	EndGlobalSection
	GlobalSection(SolutionProperties) = preSolution
		HideSolutionNode = FALSE
	EndGlobalSection
	GlobalSection(ExtensibilityGlobals) = postSolution
		SolutionGuid = {B5683CB4-5683-45A8-B2E4-5BBF949FB8A9}
	EndGlobalSection
EndGlobal
